
Microsoft Visual Studio Solution File, Format Version 12.00
# Visual Studio 14
VisualStudioVersion = 14.0.25420.1
MinimumVisualStudioVersion = 10.0.40219.1
Project("{FAE04EC0-301F-11D3-BF4B-00C04F79EFBC}") = "Deveel.Math", "Deveel.Math\Deveel.Math.csproj", "{DAB16486-ED07-4D2D-8E09-DB259C583F02}"
EndProject
Project("{FAE04EC0-301F-11D3-BF4B-00C04F79EFBC}") = "Deveel.Math.Pcl.Profile328", "Deveel.Math.Pcl.Profile328\Deveel.Math.Pcl.Profile328.csproj", "{3152C775-CFE4-4B4E-B526-1896BD3B0A8C}"
EndProject
Project("{FAE04EC0-301F-11D3-BF4B-00C04F79EFBC}") = "Deveel.Math.Pcl.Profile111", "Deveel.Math.Pcl.Profile111\Deveel.Math.Pcl.Profile111.csproj", "{DCB71743-D4B1-4571-A821-1EE63159E9C0}"
EndProject
Project("{FAE04EC0-301F-11D3-BF4B-00C04F79EFBC}") = "Deveel.Math.XUnit", "..\test\Deveel.Math.XUnit\Deveel.Math.XUnit.csproj", "{61DD848B-5AF7-45B3-BA06-D770FAC758E6}"
EndProject
Global
	GlobalSection(SolutionConfigurationPlatforms) = preSolution
		Debug|Any CPU = Debug|Any CPU
		Debug|x64 = Debug|x64
		Debug|x86 = Debug|x86
		Release|Any CPU = Release|Any CPU
		Release|x64 = Release|x64
		Release|x86 = Release|x86
	EndGlobalSection
	GlobalSection(ProjectConfigurationPlatforms) = postSolution
		{DAB16486-ED07-4D2D-8E09-DB259C583F02}.Debug|Any CPU.ActiveCfg = Debug|Any CPU
		{DAB16486-ED07-4D2D-8E09-DB259C583F02}.Debug|Any CPU.Build.0 = Debug|Any CPU
		{DAB16486-ED07-4D2D-8E09-DB259C583F02}.Debug|x64.ActiveCfg = Debug|Any CPU
		{DAB16486-ED07-4D2D-8E09-DB259C583F02}.Debug|x64.Build.0 = Debug|Any CPU
		{DAB16486-ED07-4D2D-8E09-DB259C583F02}.Debug|x86.ActiveCfg = Debug|Any CPU
		{DAB16486-ED07-4D2D-8E09-DB259C583F02}.Debug|x86.Build.0 = Debug|Any CPU
		{DAB16486-ED07-4D2D-8E09-DB259C583F02}.Release|Any CPU.ActiveCfg = Release|Any CPU
		{DAB16486-ED07-4D2D-8E09-DB259C583F02}.Release|Any CPU.Build.0 = Release|Any CPU
		{DAB16486-ED07-4D2D-8E09-DB259C583F02}.Release|x64.ActiveCfg = Release|x64
		{DAB16486-ED07-4D2D-8E09-DB259C583F02}.Release|x64.Build.0 = Release|x64
		{DAB16486-ED07-4D2D-8E09-DB259C583F02}.Release|x86.ActiveCfg = Release|x86
		{DAB16486-ED07-4D2D-8E09-DB259C583F02}.Release|x86.Build.0 = Release|x86
		{3152C775-CFE4-4B4E-B526-1896BD3B0A8C}.Debug|Any CPU.ActiveCfg = Debug|Any CPU
		{3152C775-CFE4-4B4E-B526-1896BD3B0A8C}.Debug|Any CPU.Build.0 = Debug|Any CPU
		{3152C775-CFE4-4B4E-B526-1896BD3B0A8C}.Debug|x64.ActiveCfg = Debug|Any CPU
		{3152C775-CFE4-4B4E-B526-1896BD3B0A8C}.Debug|x64.Build.0 = Debug|Any CPU
		{3152C775-CFE4-4B4E-B526-1896BD3B0A8C}.Debug|x86.ActiveCfg = Debug|Any CPU
		{3152C775-CFE4-4B4E-B526-1896BD3B0A8C}.Debug|x86.Build.0 = Debug|Any CPU
		{3152C775-CFE4-4B4E-B526-1896BD3B0A8C}.Release|Any CPU.ActiveCfg = Release|Any CPU
		{3152C775-CFE4-4B4E-B526-1896BD3B0A8C}.Release|Any CPU.Build.0 = Release|Any CPU
		{3152C775-CFE4-4B4E-B526-1896BD3B0A8C}.Release|x64.ActiveCfg = Release|Any CPU
		{3152C775-CFE4-4B4E-B526-1896BD3B0A8C}.Release|x86.ActiveCfg = Release|Any CPU
		{DCB71743-D4B1-4571-A821-1EE63159E9C0}.Debug|Any CPU.ActiveCfg = Debug|Any CPU
		{DCB71743-D4B1-4571-A821-1EE63159E9C0}.Debug|Any CPU.Build.0 = Debug|Any CPU
		{DCB71743-D4B1-4571-A821-1EE63159E9C0}.Debug|x64.ActiveCfg = Debug|Any CPU
		{DCB71743-D4B1-4571-A821-1EE63159E9C0}.Debug|x64.Build.0 = Debug|Any CPU
		{DCB71743-D4B1-4571-A821-1EE63159E9C0}.Debug|x86.ActiveCfg = Debug|Any CPU
		{DCB71743-D4B1-4571-A821-1EE63159E9C0}.Debug|x86.Build.0 = Debug|Any CPU
		{DCB71743-D4B1-4571-A821-1EE63159E9C0}.Release|Any CPU.ActiveCfg = Release|Any CPU
		{DCB71743-D4B1-4571-A821-1EE63159E9C0}.Release|Any CPU.Build.0 = Release|Any CPU
		{DCB71743-D4B1-4571-A821-1EE63159E9C0}.Release|x64.ActiveCfg = Release|Any CPU
		{DCB71743-D4B1-4571-A821-1EE63159E9C0}.Release|x86.ActiveCfg = Release|Any CPU
		{61DD848B-5AF7-45B3-BA06-D770FAC758E6}.Debug|Any CPU.ActiveCfg = Debug|Any CPU
		{61DD848B-5AF7-45B3-BA06-D770FAC758E6}.Debug|Any CPU.Build.0 = Debug|Any CPU
		{61DD848B-5AF7-45B3-BA06-D770FAC758E6}.Debug|x64.ActiveCfg = Debug|Any CPU
		{61DD848B-5AF7-45B3-BA06-D770FAC758E6}.Debug|x64.Build.0 = Debug|Any CPU
		{61DD848B-5AF7-45B3-BA06-D770FAC758E6}.Debug|x86.ActiveCfg = Debug|Any CPU
		{61DD848B-5AF7-45B3-BA06-D770FAC758E6}.Debug|x86.Build.0 = Debug|Any CPU
		{61DD848B-5AF7-45B3-BA06-D770FAC758E6}.Release|Any CPU.ActiveCfg = Release|Any CPU
		{61DD848B-5AF7-45B3-BA06-D770FAC758E6}.Release|Any CPU.Build.0 = Release|Any CPU
		{61DD848B-5AF7-45B3-BA06-D770FAC758E6}.Release|x64.ActiveCfg = Release|Any CPU
		{61DD848B-5AF7-45B3-BA06-D770FAC758E6}.Release|x64.Build.0 = Release|Any CPU
		{61DD848B-5AF7-45B3-BA06-D770FAC758E6}.Release|x86.ActiveCfg = Release|Any CPU
		{61DD848B-5AF7-45B3-BA06-D770FAC758E6}.Release|x86.Build.0 = Release|Any CPU
	EndGlobalSection
	GlobalSection(SolutionProperties) = preSolution
		HideSolutionNode = FALSE
	EndGlobalSection
EndGlobal
